// !$*UTF8*$!
{
	archiveVersion = 1;
	classes = {
	};
	objectVersion = 77;
	objects = {

/* Begin PBXBuildFile section */
		015CA94E540143497440607E /* FavoritesView.swift in Sources */ = {isa = PBXBuildFile; fileRef = 4B557442F513ADD80AEADA66 /* FavoritesView.swift */; };
		031ECA442B5D1AB9B3646737 /* WidgetBridge.swift in Sources */ = {isa = PBXBuildFile; fileRef = 952EC3580A8B8F133D56BA30 /* WidgetBridge.swift */; };
		0477EB9E9A55070F6CE6A5F2 /* verses.json in Resources */ = {isa = PBXBuildFile; fileRef = F1C325E0CC6C14E3D4714E45 /* verses.json */; };
		23BDBD592924DEECED295546 /* ActivityView.swift in Sources */ = {isa = PBXBuildFile; fileRef = C2D89459CF0FC1251FE5E156 /* ActivityView.swift */; };
		61D5C8849AEBAF24B36ECA37 /* HolyMessagesWidgetExtension.appex in Embed Foundation Extensions */ = {isa = PBXBuildFile; fileRef = CF5EF702F040727526F81E7E /* HolyMessagesWidgetExtension.appex */; settings = {ATTRIBUTES = (RemoveHeadersOnCopy, ); }; };
		99FD6A9FC4FE29719C276E05 /* VerseRow.swift in Sources */ = {isa = PBXBuildFile; fileRef = 30E436DFB027562DFBCF2EF4 /* VerseRow.swift */; };
		9C2338243D4DBDB4963DD641 /* Assets.xcassets in Resources */ = {isa = PBXBuildFile; fileRef = 81FDF637FB96FBD8BF651BF9 /* Assets.xcassets */; };
		AA95554619A2DD3246AAD477 /* ContentView.swift in Sources */ = {isa = PBXBuildFile; fileRef = 8268375C4879332CCC1AE094 /* ContentView.swift */; };
		B1E8CDBF21B794839FD3EAE1 /* TodayView.swift in Sources */ = {isa = PBXBuildFile; fileRef = 8D8EC0F827B03726C9F06233 /* TodayView.swift */; };
		BE5F6FF8F31367B188463A88 /* Verse.swift in Sources */ = {isa = PBXBuildFile; fileRef = B1AEC3CCFA391D11571494AC /* Verse.swift */; };
		C2692F9A31F96B1EB549982A /* BooksListView.swift in Sources */ = {isa = PBXBuildFile; fileRef = 3143A848E7DB5B6AEF51CE4E /* BooksListView.swift */; };
		C29B5612C2DBD7EE3512B45D /* HolyMessagesWidget.swift in Sources */ = {isa = PBXBuildFile; fileRef = 8F027A934A2610721F8D382E /* HolyMessagesWidget.swift */; };
		C33F4E4E5F739FB7F75E1430 /* FavoritesStore.swift in Sources */ = {isa = PBXBuildFile; fileRef = C8F3663FDF16AC813495E5B1 /* FavoritesStore.swift */; };
		D4E0165631BD32A04B8A99B6 /* VerseStore.swift in Sources */ = {isa = PBXBuildFile; fileRef = 3ED56B65BA1220B9B52A3703 /* VerseStore.swift */; };
		E5A85BF861F5929D23D7CD46 /* HolyMessagesApp.swift in Sources */ = {isa = PBXBuildFile; fileRef = D037DB82BAA64C1ED6E648EF /* HolyMessagesApp.swift */; };
/* End PBXBuildFile section */

/* Begin PBXContainerItemProxy section */
		6901789F375CE28707BD12DF /* PBXContainerItemProxy */ = {
			isa = PBXContainerItemProxy;
			containerPortal = 303D0A3A1498D4474C659948 /* Project object */;
			proxyType = 1;
			remoteGlobalIDString = 82A209C62BD47AE3B39B9175;
			remoteInfo = HolyMessagesWidgetExtension;
		};
/* End PBXContainerItemProxy section */

/* Begin PBXCopyFilesBuildPhase section */
		51940606D8CCCA238B74DB86 /* Embed Foundation Extensions */ = {
			isa = PBXCopyFilesBuildPhase;
			buildActionMask = 2147483647;
			dstPath = "";
			dstSubfolderSpec = 13;
			files = (
				61D5C8849AEBAF24B36ECA37 /* HolyMessagesWidgetExtension.appex in Embed Foundation Extensions */,
			);
			name = "Embed Foundation Extensions";
			runOnlyForDeploymentPostprocessing = 0;
		};
/* End PBXCopyFilesBuildPhase section */

/* Begin PBXFileReference section */
		11C4C718FAB2FE8B6BCE3354 /* HolyMessages.app */ = {isa = PBXFileReference; includeInIndex = 0; lastKnownFileType = wrapper.application; path = HolyMessages.app; sourceTree = BUILT_PRODUCTS_DIR; };
		30E436DFB027562DFBCF2EF4 /* VerseRow.swift */ = {isa = PBXFileReference; lastKnownFileType = sourcecode.swift; path = VerseRow.swift; sourceTree = "<group>"; };
		3143A848E7DB5B6AEF51CE4E /* BooksListView.swift */ = {isa = PBXFileReference; lastKnownFileType = sourcecode.swift; path = BooksListView.swift; sourceTree = "<group>"; };
		3ED56B65BA1220B9B52A3703 /* VerseStore.swift */ = {isa = PBXFileReference; lastKnownFileType = sourcecode.swift; path = VerseStore.swift; sourceTree = "<group>"; };
		4B557442F513ADD80AEADA66 /* FavoritesView.swift */ = {isa = PBXFileReference; lastKnownFileType = sourcecode.swift; path = FavoritesView.swift; sourceTree = "<group>"; };
		81FDF637FB96FBD8BF651BF9 /* Assets.xcassets */ = {isa = PBXFileReference; lastKnownFileType = folder.assetcatalog; path = Assets.xcassets; sourceTree = "<group>"; };
		8268375C4879332CCC1AE094 /* ContentView.swift */ = {isa = PBXFileReference; lastKnownFileType = sourcecode.swift; path = ContentView.swift; sourceTree = "<group>"; };
		8D8EC0F827B03726C9F06233 /* TodayView.swift */ = {isa = PBXFileReference; lastKnownFileType = sourcecode.swift; path = TodayView.swift; sourceTree = "<group>"; };
		8F027A934A2610721F8D382E /* HolyMessagesWidget.swift */ = {isa = PBXFileReference; lastKnownFileType = sourcecode.swift; path = HolyMessagesWidget.swift; sourceTree = "<group>"; };
		952EC3580A8B8F133D56BA30 /* WidgetBridge.swift */ = {isa = PBXFileReference; lastKnownFileType = sourcecode.swift; path = WidgetBridge.swift; sourceTree = "<group>"; };
		B1AEC3CCFA391D11571494AC /* Verse.swift */ = {isa = PBXFileReference; lastKnownFileType = sourcecode.swift; path = Verse.swift; sourceTree = "<group>"; };
		C2D89459CF0FC1251FE5E156 /* ActivityView.swift */ = {isa = PBXFileReference; lastKnownFileType = sourcecode.swift; path = ActivityView.swift; sourceTree = "<group>"; };
		C8F3663FDF16AC813495E5B1 /* FavoritesStore.swift */ = {isa = PBXFileReference; lastKnownFileType = sourcecode.swift; path = FavoritesStore.swift; sourceTree = "<group>"; };
		CF5EF702F040727526F81E7E /* HolyMessagesWidgetExtension.appex */ = {isa = PBXFileReference; includeInIndex = 0; lastKnownFileType = "wrapper.app-extension"; path = HolyMessagesWidgetExtension.appex; sourceTree = BUILT_PRODUCTS_DIR; };
		D037DB82BAA64C1ED6E648EF /* HolyMessagesApp.swift */ = {isa = PBXFileReference; lastKnownFileType = sourcecode.swift; path = HolyMessagesApp.swift; sourceTree = "<group>"; };
		F1C325E0CC6C14E3D4714E45 /* verses.json */ = {isa = PBXFileReference; lastKnownFileType = text.json; path = verses.json; sourceTree = "<group>"; };
/* End PBXFileReference section */

/* Begin PBXGroup section */
		14FBF66CD99F6AD65BF6A3B0 /* Models */ = {
			isa = PBXGroup;
			children = (
				B1AEC3CCFA391D11571494AC /* Verse.swift */,
			);
			path = Models;
			sourceTree = "<group>";
		};
		166595958F77706EA644B0FF /* Views */ = {
			isa = PBXGroup;
			children = (
				C2D89459CF0FC1251FE5E156 /* ActivityView.swift */,
				3143A848E7DB5B6AEF51CE4E /* BooksListView.swift */,
				8268375C4879332CCC1AE094 /* ContentView.swift */,
				4B557442F513ADD80AEADA66 /* FavoritesView.swift */,
				8D8EC0F827B03726C9F06233 /* TodayView.swift */,
				30E436DFB027562DFBCF2EF4 /* VerseRow.swift */,
			);
			path = Views;
			sourceTree = "<group>";
		};
		6A610DF815491F28D0B74661 /* Products */ = {
			isa = PBXGroup;
			children = (
				11C4C718FAB2FE8B6BCE3354 /* HolyMessages.app */,
				CF5EF702F040727526F81E7E /* HolyMessagesWidgetExtension.appex */,
			);
			name = Products;
			sourceTree = "<group>";
		};
		A852096F77CBB396EA60EDC5 /* Data */ = {
			isa = PBXGroup;
			children = (
				C8F3663FDF16AC813495E5B1 /* FavoritesStore.swift */,
				3ED56B65BA1220B9B52A3703 /* VerseStore.swift */,
				952EC3580A8B8F133D56BA30 /* WidgetBridge.swift */,
			);
			path = Data;
			sourceTree = "<group>";
		};
		ADBD6960B506E33E2A5FD0D2 /* Sources */ = {
			isa = PBXGroup;
			children = (
				81FDF637FB96FBD8BF651BF9 /* Assets.xcassets */,
				D037DB82BAA64C1ED6E648EF /* HolyMessagesApp.swift */,
				A852096F77CBB396EA60EDC5 /* Data */,
				14FBF66CD99F6AD65BF6A3B0 /* Models */,
				BBEEA15E2B0F1AC7AD16AFB8 /* Resources */,
				166595958F77706EA644B0FF /* Views */,
			);
			path = Sources;
			sourceTree = "<group>";
		};
		BBEEA15E2B0F1AC7AD16AFB8 /* Resources */ = {
			isa = PBXGroup;
			children = (
				F1C325E0CC6C14E3D4714E45 /* verses.json */,
			);
			path = Resources;
			sourceTree = "<group>";
		};
		C4083144625B99022249F981 = {
			isa = PBXGroup;
			children = (
				ADBD6960B506E33E2A5FD0D2 /* Sources */,
				C77F1FD644D8D953E9AAAA44 /* Sources */,
				6A610DF815491F28D0B74661 /* Products */,
			);
			sourceTree = "<group>";
		};
		C77F1FD644D8D953E9AAAA44 /* Sources */ = {
			isa = PBXGroup;
			children = (
				8F027A934A2610721F8D382E /* HolyMessagesWidget.swift */,
			);
			name = Sources;
			path = Widget/Sources;
			sourceTree = "<group>";
		};
/* End PBXGroup section */

/* Begin PBXNativeTarget section */
		6F10DBFD3A431319FE89B337 /* HolyMessages */ = {
			isa = PBXNativeTarget;
			buildConfigurationList = D977194923126A28000D3911 /* Build configuration list for PBXNativeTarget "HolyMessages" */;
			buildPhases = (
				594DFE168571256E2D7FC97E /* Sources */,
				DEF112305039E984C9347A5C /* Resources */,
				51940606D8CCCA238B74DB86 /* Embed Foundation Extensions */,
			);
			buildRules = (
			);
			dependencies = (
				4B45AF33FD56F891E477A4A1 /* PBXTargetDependency */,
			);
			name = HolyMessages;
			packageProductDependencies = (
			);
			productName = HolyMessages;
			productReference = 11C4C718FAB2FE8B6BCE3354 /* HolyMessages.app */;
			productType = "com.apple.product-type.application";
		};
		82A209C62BD47AE3B39B9175 /* HolyMessagesWidgetExtension */ = {
			isa = PBXNativeTarget;
			buildConfigurationList = 58D8B3B6C599D26D4E37BB32 /* Build configuration list for PBXNativeTarget "HolyMessagesWidgetExtension" */;
			buildPhases = (
				93470909656780253A195AEE /* Sources */,
			);
			buildRules = (
			);
			dependencies = (
			);
			name = HolyMessagesWidgetExtension;
			packageProductDependencies = (
			);
			productName = HolyMessagesWidgetExtension;
			productReference = CF5EF702F040727526F81E7E /* HolyMessagesWidgetExtension.appex */;
			productType = "com.apple.product-type.app-extension";
		};
/* End PBXNativeTarget section */

/* Begin PBXProject section */
		303D0A3A1498D4474C659948 /* Project object */ = {
			isa = PBXProject;
			attributes = {
				BuildIndependentTargetsInParallel = YES;
				LastUpgradeCheck = 1430;
				TargetAttributes = {
				};
			};
			buildConfigurationList = 3B345597AD97B60263D2E203 /* Build configuration list for PBXProject "HolyMessages" */;
			developmentRegion = en;
			hasScannedForEncodings = 0;
			knownRegions = (
				Base,
				en,
			);
			mainGroup = C4083144625B99022249F981;
			minimizedProjectReferenceProxies = 1;
			preferredProjectObjectVersion = 77;
			productRefGroup = 6A610DF815491F28D0B74661 /* Products */;
			projectDirPath = "";
			projectRoot = "";
			targets = (
				6F10DBFD3A431319FE89B337 /* HolyMessages */,
				82A209C62BD47AE3B39B9175 /* HolyMessagesWidgetExtension */,
			);
		};
/* End PBXProject section */

/* Begin PBXResourcesBuildPhase section */
		DEF112305039E984C9347A5C /* Resources */ = {
			isa = PBXResourcesBuildPhase;
			buildActionMask = 2147483647;
			files = (
				9C2338243D4DBDB4963DD641 /* Assets.xcassets in Resources */,
				0477EB9E9A55070F6CE6A5F2 /* verses.json in Resources */,
			);
			runOnlyForDeploymentPostprocessing = 0;
		};
/* End PBXResourcesBuildPhase section */

/* Begin PBXSourcesBuildPhase section */
		594DFE168571256E2D7FC97E /* Sources */ = {
			isa = PBXSourcesBuildPhase;
			buildActionMask = 2147483647;
			files = (
				23BDBD592924DEECED295546 /* ActivityView.swift in Sources */,
				C2692F9A31F96B1EB549982A /* BooksListView.swift in Sources */,
				AA95554619A2DD3246AAD477 /* ContentView.swift in Sources */,
				C33F4E4E5F739FB7F75E1430 /* FavoritesStore.swift in Sources */,
				015CA94E540143497440607E /* FavoritesView.swift in Sources */,
				E5A85BF861F5929D23D7CD46 /* HolyMessagesApp.swift in Sources */,
				B1E8CDBF21B794839FD3EAE1 /* TodayView.swift in Sources */,
				BE5F6FF8F31367B188463A88 /* Verse.swift in Sources */,
				99FD6A9FC4FE29719C276E05 /* VerseRow.swift in Sources */,
				D4E0165631BD32A04B8A99B6 /* VerseStore.swift in Sources */,
				031ECA442B5D1AB9B3646737 /* WidgetBridge.swift in Sources */,
			);
			runOnlyForDeploymentPostprocessing = 0;
		};
		93470909656780253A195AEE /* Sources */ = {
			isa = PBXSourcesBuildPhase;
			buildActionMask = 2147483647;
			files = (
				C29B5612C2DBD7EE3512B45D /* HolyMessagesWidget.swift in Sources */,
			);
			runOnlyForDeploymentPostprocessing = 0;
		};
/* End PBXSourcesBuildPhase section */

/* Begin PBXTargetDependency section */
		4B45AF33FD56F891E477A4A1 /* PBXTargetDependency */ = {
			isa = PBXTargetDependency;
			target = 82A209C62BD47AE3B39B9175 /* HolyMessagesWidgetExtension */;
			targetProxy = 6901789F375CE28707BD12DF /* PBXContainerItemProxy */;
		};
/* End PBXTargetDependency section */

/* Begin XCBuildConfiguration section */
		0DFC3CFE84A63C36F6A3D129 /* Debug */ = {
			isa = XCBuildConfiguration;
			buildSettings = {
				ALWAYS_SEARCH_USER_PATHS = NO;
				ASSETCATALOG_COMPILER_APPICON_NAME = AppIcon;
				ASSETCATALOG_COMPILER_GLOBAL_ACCENT_COLOR_NAME = AccentColor;
				CLANG_ANALYZER_NONNULL = YES;
				CLANG_ANALYZER_NUMBER_OBJECT_CONVERSION = YES_AGGRESSIVE;
				CLANG_CXX_LANGUAGE_STANDARD = "gnu++14";
				CLANG_CXX_LIBRARY = "libc++";
				CLANG_ENABLE_MODULES = YES;
				CLANG_ENABLE_OBJC_ARC = YES;
				CLANG_ENABLE_OBJC_WEAK = YES;
				CLANG_WARN_BLOCK_CAPTURE_AUTORELEASING = YES;
				CLANG_WARN_BOOL_CONVERSION = YES;
				CLANG_WARN_COMMA = YES;
				CLANG_WARN_CONSTANT_CONVERSION = YES;
				CLANG_WARN_DEPRECATED_OBJC_IMPLEMENTATIONS = YES;
				CLANG_WARN_DIRECT_OBJC_ISA_USAGE = YES_ERROR;
				CLANG_WARN_DOCUMENTATION_COMMENTS = YES;
				CLANG_WARN_EMPTY_BODY = YES;
				CLANG_WARN_ENUM_CONVERSION = YES;
				CLANG_WARN_INFINITE_RECURSION = YES;
				CLANG_WARN_INT_CONVERSION = YES;
				CLANG_WARN_NON_LITERAL_NULL_CONVERSION = YES;
				CLANG_WARN_OBJC_IMPLICIT_RETAIN_SELF = YES;
				CLANG_WARN_OBJC_LITERAL_CONVERSION = YES;
				CLANG_WARN_OBJC_ROOT_CLASS = YES_ERROR;
				CLANG_WARN_QUOTED_INCLUDE_IN_FRAMEWORK_HEADER = YES;
				CLANG_WARN_RANGE_LOOP_ANALYSIS = YES;
				CLANG_WARN_STRICT_PROTOTYPES = YES;
				CLANG_WARN_SUSPICIOUS_MOVE = YES;
				CLANG_WARN_UNGUARDED_AVAILABILITY = YES_AGGRESSIVE;
				CLANG_WARN_UNREACHABLE_CODE = YES;
				CLANG_WARN__DUPLICATE_METHOD_MATCH = YES;
				COPY_PHASE_STRIP = NO;
				DEBUG_INFORMATION_FORMAT = dwarf;
				ENABLE_STRICT_OBJC_MSGSEND = YES;
				ENABLE_TESTABILITY = YES;
				GCC_C_LANGUAGE_STANDARD = gnu11;
				GCC_DYNAMIC_NO_PIC = NO;
				GCC_NO_COMMON_BLOCKS = YES;
				GCC_OPTIMIZATION_LEVEL = 0;
				GCC_PREPROCESSOR_DEFINITIONS = (
					"$(inherited)",
					"DEBUG=1",
				);
				GCC_WARN_64_TO_32_BIT_CONVERSION = YES;
				GCC_WARN_ABOUT_RETURN_TYPE = YES_ERROR;
				GCC_WARN_UNDECLARED_SELECTOR = YES;
				GCC_WARN_UNINITIALIZED_AUTOS = YES_AGGRESSIVE;
				GCC_WARN_UNUSED_FUNCTION = YES;
				GCC_WARN_UNUSED_VARIABLE = YES;
				IPHONEOS_DEPLOYMENT_TARGET = 17.0;
				MTL_ENABLE_DEBUG_INFO = INCLUDE_SOURCE;
				MTL_FAST_MATH = YES;
				ONLY_ACTIVE_ARCH = YES;
				PRODUCT_NAME = "$(TARGET_NAME)";
				SDKROOT = iphoneos;
				SWIFT_ACTIVE_COMPILATION_CONDITIONS = DEBUG;
				SWIFT_OPTIMIZATION_LEVEL = "-Onone";
				SWIFT_VERSION = 5.0;
				TARGETED_DEVICE_FAMILY = "1,2";
			};
			name = Debug;
		};
		2BE273E7678FBC6E990EC5CF /* Release */ = {
			isa = XCBuildConfiguration;
			buildSettings = {
				ASSETCATALOG_COMPILER_APPICON_NAME = AppIcon;
				CODE_SIGN_ENTITLEMENTS = App/HolyMessages.entitlements;
				CODE_SIGN_IDENTITY = "iPhone Developer";
				INFOPLIST_FILE = App/Info.plist;
				LD_RUNPATH_SEARCH_PATHS = (
					"$(inherited)",
					"@executable_path/Frameworks",
				);
				PRODUCT_BUNDLE_IDENTIFIER = com.holymessages.app;
				SDKROOT = iphoneos;
				TARGETED_DEVICE_FAMILY = "1,2";
			};
			name = Release;
		};
		304E69A38D9F46AD86C31879 /* Release */ = {
			isa = XCBuildConfiguration;
			buildSettings = {
				CODE_SIGN_ENTITLEMENTS = Widget/HolyMessagesWidget.entitlements;
				INFOPLIST_FILE = Widget/Info.plist;
				LD_RUNPATH_SEARCH_PATHS = (
					"$(inherited)",
					"@executable_path/Frameworks",
					"@executable_path/../../Frameworks",
				);
				PRODUCT_BUNDLE_IDENTIFIER = com.holymessages.app.HolyMessagesWidget;
				SDKROOT = iphoneos;
				SKIP_INSTALL = YES;
				TARGETED_DEVICE_FAMILY = "1,2";
			};
			name = Release;
		};
		7C3A06FC08F00E263A5A932B /* Debug */ = {
			isa = XCBuildConfiguration;
			buildSettings = {
				CODE_SIGN_ENTITLEMENTS = Widget/HolyMessagesWidget.entitlements;
				INFOPLIST_FILE = Widget/Info.plist;
				LD_RUNPATH_SEARCH_PATHS = (
					"$(inherited)",
					"@executable_path/Frameworks",
					"@executable_path/../../Frameworks",
				);
				PRODUCT_BUNDLE_IDENTIFIER = com.holymessages.app.HolyMessagesWidget;
				SDKROOT = iphoneos;
				SKIP_INSTALL = YES;
				TARGETED_DEVICE_FAMILY = "1,2";
			};
			name = Debug;
		};
		A36028D03574BCFBC77D2204 /* Debug */ = {
			isa = XCBuildConfiguration;
			buildSettings = {
				ASSETCATALOG_COMPILER_APPICON_NAME = AppIcon;
				CODE_SIGN_ENTITLEMENTS = App/HolyMessages.entitlements;
				CODE_SIGN_IDENTITY = "iPhone Developer";
				INFOPLIST_FILE = App/Info.plist;
				LD_RUNPATH_SEARCH_PATHS = (
					"$(inherited)",
					"@executable_path/Frameworks",
				);
				PRODUCT_BUNDLE_IDENTIFIER = com.holymessages.app;
				SDKROOT = iphoneos;
				TARGETED_DEVICE_FAMILY = "1,2";
			};
			name = Debug;
		};
		ED035B00E2E425D110F118F2 /* Release */ = {
			isa = XCBuildConfiguration;
			buildSettings = {
				ALWAYS_SEARCH_USER_PATHS = NO;
				ASSETCATALOG_COMPILER_APPICON_NAME = AppIcon;
				ASSETCATALOG_COMPILER_GLOBAL_ACCENT_COLOR_NAME = AccentColor;
				CLANG_ANALYZER_NONNULL = YES;
				CLANG_ANALYZER_NUMBER_OBJECT_CONVERSION = YES_AGGRESSIVE;
				CLANG_CXX_LANGUAGE_STANDARD = "gnu++14";
				CLANG_CXX_LIBRARY = "libc++";
				CLANG_ENABLE_MODULES = YES;
				CLANG_ENABLE_OBJC_ARC = YES;
				CLANG_ENABLE_OBJC_WEAK = YES;
				CLANG_WARN_BLOCK_CAPTURE_AUTORELEASING = YES;
				CLANG_WARN_BOOL_CONVERSION = YES;
				CLANG_WARN_COMMA = YES;
				CLANG_WARN_CONSTANT_CONVERSION = YES;
				CLANG_WARN_DEPRECATED_OBJC_IMPLEMENTATIONS = YES;
				CLANG_WARN_DIRECT_OBJC_ISA_USAGE = YES_ERROR;
				CLANG_WARN_DOCUMENTATION_COMMENTS = YES;
				CLANG_WARN_EMPTY_BODY = YES;
				CLANG_WARN_ENUM_CONVERSION = YES;
				CLANG_WARN_INFINITE_RECURSION = YES;
				CLANG_WARN_INT_CONVERSION = YES;
				CLANG_WARN_NON_LITERAL_NULL_CONVERSION = YES;
				CLANG_WARN_OBJC_IMPLICIT_RETAIN_SELF = YES;
				CLANG_WARN_OBJC_LITERAL_CONVERSION = YES;
				CLANG_WARN_OBJC_ROOT_CLASS = YES_ERROR;
				CLANG_WARN_QUOTED_INCLUDE_IN_FRAMEWORK_HEADER = YES;
				CLANG_WARN_RANGE_LOOP_ANALYSIS = YES;
				CLANG_WARN_STRICT_PROTOTYPES = YES;
				CLANG_WARN_SUSPICIOUS_MOVE = YES;
				CLANG_WARN_UNGUARDED_AVAILABILITY = YES_AGGRESSIVE;
				CLANG_WARN_UNREACHABLE_CODE = YES;
				CLANG_WARN__DUPLICATE_METHOD_MATCH = YES;
				COPY_PHASE_STRIP = NO;
				DEBUG_INFORMATION_FORMAT = "dwarf-with-dsym";
				ENABLE_NS_ASSERTIONS = NO;
				ENABLE_STRICT_OBJC_MSGSEND = YES;
				GCC_C_LANGUAGE_STANDARD = gnu11;
				GCC_NO_COMMON_BLOCKS = YES;
				GCC_WARN_64_TO_32_BIT_CONVERSION = YES;
				GCC_WARN_ABOUT_RETURN_TYPE = YES_ERROR;
				GCC_WARN_UNDECLARED_SELECTOR = YES;
				GCC_WARN_UNINITIALIZED_AUTOS = YES_AGGRESSIVE;
				GCC_WARN_UNUSED_FUNCTION = YES;
				GCC_WARN_UNUSED_VARIABLE = YES;
				IPHONEOS_DEPLOYMENT_TARGET = 17.0;
				MTL_ENABLE_DEBUG_INFO = NO;
				MTL_FAST_MATH = YES;
				PRODUCT_NAME = "$(TARGET_NAME)";
				SDKROOT = iphoneos;
				SWIFT_COMPILATION_MODE = wholemodule;
				SWIFT_OPTIMIZATION_LEVEL = "-O";
				SWIFT_VERSION = 5.0;
				TARGETED_DEVICE_FAMILY = "1,2";
			};
			name = Release;
		};
/* End XCBuildConfiguration section */

/* Begin XCConfigurationList section */
		3B345597AD97B60263D2E203 /* Build configuration list for PBXProject "HolyMessages" */ = {
			isa = XCConfigurationList;
			buildConfigurations = (
				0DFC3CFE84A63C36F6A3D129 /* Debug */,
				ED035B00E2E425D110F118F2 /* Release */,
			);
			defaultConfigurationIsVisible = 0;
			defaultConfigurationName = Debug;
		};
		58D8B3B6C599D26D4E37BB32 /* Build configuration list for PBXNativeTarget "HolyMessagesWidgetExtension" */ = {
			isa = XCConfigurationList;
			buildConfigurations = (
				7C3A06FC08F00E263A5A932B /* Debug */,
				304E69A38D9F46AD86C31879 /* Release */,
			);
			defaultConfigurationIsVisible = 0;
			defaultConfigurationName = Debug;
		};
		D977194923126A28000D3911 /* Build configuration list for PBXNativeTarget "HolyMessages" */ = {
			isa = XCConfigurationList;
			buildConfigurations = (
				A36028D03574BCFBC77D2204 /* Debug */,
				2BE273E7678FBC6E990EC5CF /* Release */,
			);
			defaultConfigurationIsVisible = 0;
			defaultConfigurationName = Debug;
		};
/* End XCConfigurationList section */
	};
	rootObject = 303D0A3A1498D4474C659948 /* Project object */;
}
