// !$*UTF8*$!
{
	archiveVersion = 1;
	classes = {
	};
	objectVersion = 77;
	objects = {

/* Begin PBXBuildFile section */
		0082D9ABA853C8599FC11185 /* CalendarRootView.swift in Sources */ = {isa = PBXBuildFile; fileRef = 77E92BEE657D5E83B9780A7A /* CalendarRootView.swift */; };
		081B2AFF5B0855B16E3E4613 /* PastoralCareNudgeView.swift in Sources */ = {isa = PBXBuildFile; fileRef = 1EE2FC86ABF065AB9B93C248 /* PastoralCareNudgeView.swift */; };
		0BE69695542E3F1FA62C3F52 /* CormorantGaramond-Medium.ttf in Resources */ = {isa = PBXBuildFile; fileRef = 4D6494C870F0202D155720C4 /* CormorantGaramond-Medium.ttf */; };
		1355E7FF889083146114CB75 /* OnboardingNotificationTimeView.swift in Sources */ = {isa = PBXBuildFile; fileRef = 7C851FE5FCA96354F60A6EB5 /* OnboardingNotificationTimeView.swift */; };
		155093060C843D5EE6DBDABC /* OnboardingReliefView.swift in Sources */ = {isa = PBXBuildFile; fileRef = F8D265308DDF252A3DD76D4C /* OnboardingReliefView.swift */; };
		161CB7CCDA52FDBC95373F99 /* OnboardingViewModel.swift in Sources */ = {isa = PBXBuildFile; fileRef = 51E8CA2292F4D55B83C89CF2 /* OnboardingViewModel.swift */; };
		1A28EA2A5A4E6FC2F9373552 /* MissaleApp.swift in Sources */ = {isa = PBXBuildFile; fileRef = F118949AB6FAC7EA7D4CF4E5 /* MissaleApp.swift */; };
		251EE704BBC2F951486BC76B /* ScrupulosityRedirectView.swift in Sources */ = {isa = PBXBuildFile; fileRef = F56BF93F3622EF92D3F78F05 /* ScrupulosityRedirectView.swift */; };
		2909E8285FF5C191C0594765 /* LiturgicalDay.swift in Sources */ = {isa = PBXBuildFile; fileRef = 5BF47B756C7A9EADDDDDA3DF /* LiturgicalDay.swift */; };
		2EA1309C5A653C1A5AE2EA15 /* EBGaramond-Italic.ttf in Resources */ = {isa = PBXBuildFile; fileRef = A5E469A2668E22E83B8E4BF2 /* EBGaramond-Italic.ttf */; };
		2F85B619C969020F022316A9 /* MassReadingsView.swift in Sources */ = {isa = PBXBuildFile; fileRef = 79CDD2C8BDEF1CE349F9B65D /* MassReadingsView.swift */; };
		30AB0317AFFDD1BE6541A2E3 /* WordOfDayView.swift in Sources */ = {isa = PBXBuildFile; fileRef = E416E5A20CB92AE084D9E048 /* WordOfDayView.swift */; };
		31003D72563CA5BEED79DED9 /* MoodState.swift in Sources */ = {isa = PBXBuildFile; fileRef = B272A3B51CBFE80DEF87ED5C /* MoodState.swift */; };
		313CA19CE3ED8B71E9015A24 /* Typography.swift in Sources */ = {isa = PBXBuildFile; fileRef = 0BF026ED1AE79D8B6C5A3B51 /* Typography.swift */; };
		3140FC814167B4E767196940 /* Saint.swift in Sources */ = {isa = PBXBuildFile; fileRef = 2A92ABBE467814F0124A8AA9 /* Saint.swift */; };
		363F452FC43E782675CBAA65 /* SubscriptionCancellationView.swift in Sources */ = {isa = PBXBuildFile; fileRef = A6229DFA801AE3A4CA71FFE6 /* SubscriptionCancellationView.swift */; };
		36FF9021F69DD1A71949E516 /* OnboardingSynthesisView.swift in Sources */ = {isa = PBXBuildFile; fileRef = 8BAC36F87255861947FB745D /* OnboardingSynthesisView.swift */; };
		3A6D82247B462928BC0C108A /* OnboardingSampleView.swift in Sources */ = {isa = PBXBuildFile; fileRef = 91E8E36AF717AEE65474B8ED /* OnboardingSampleView.swift */; };
		3FD67AFF3C4B350BCB0D3B69 /* LiturgicalSeason.swift in Sources */ = {isa = PBXBuildFile; fileRef = 608C59712C955C59699FCE4E /* LiturgicalSeason.swift */; };
		46EFB73825213236823F531A /* OnboardingModels.swift in Sources */ = {isa = PBXBuildFile; fileRef = 3D6FCC38A633B81C3703AE63 /* OnboardingModels.swift */; };
		4715C6F1AA83DFB0BF92B68B /* MockFormation.swift in Sources */ = {isa = PBXBuildFile; fileRef = DD9975789A3E180E7DD5AD61 /* MockFormation.swift */; };
		474FFA1E3B486CF5E9841453 /* FormationRootView.swift in Sources */ = {isa = PBXBuildFile; fileRef = FF8386DB427306B75159719D /* FormationRootView.swift */; };
		4C79424985C57BF62827686A /* SaintsArchiveView.swift in Sources */ = {isa = PBXBuildFile; fileRef = 61C7FA4E62CAB5039172A284 /* SaintsArchiveView.swift */; };
		5123E50F1589C1B3E2A9B5E2 /* Rosary.swift in Sources */ = {isa = PBXBuildFile; fileRef = 1AB6736347B58C2DD3718609 /* Rosary.swift */; };
		5A03142066ECAA7D4A4818B4 /* ShareCardView.swift in Sources */ = {isa = PBXBuildFile; fileRef = 1F2547DB35325C7CF0DBE830 /* ShareCardView.swift */; };
		5BE91E45C821873F83966890 /* CormorantGaramond-MediumItalic.ttf in Resources */ = {isa = PBXBuildFile; fileRef = 5755A56F746943C35D7DEE62 /* CormorantGaramond-MediumItalic.ttf */; };
		610A93551919DFD289C414C1 /* EndOfSessionView.swift in Sources */ = {isa = PBXBuildFile; fileRef = 6C9AD15B2BD32B9BB69CADD3 /* EndOfSessionView.swift */; };
		6A8A62A02D7F0331AD915DED /* SubscriptionPlan.swift in Sources */ = {isa = PBXBuildFile; fileRef = F6A87801F1104BDD82BCEF9F /* SubscriptionPlan.swift */; };
		7056EE04F1447BA4E81F89FC /* MoodCheckInSheet.swift in Sources */ = {isa = PBXBuildFile; fileRef = FEA44835E8D3EB720434BDDF /* MoodCheckInSheet.swift */; };
		716E10EA85D0CBA51CAFB0A8 /* RosaryMysteriesPickerView.swift in Sources */ = {isa = PBXBuildFile; fileRef = 1A6CB2EEC1A4189CB671B6A9 /* RosaryMysteriesPickerView.swift */; };
		71A518CE73E4BA9C5AE12993 /* GlassCard.swift in Sources */ = {isa = PBXBuildFile; fileRef = 70C391130864F8A75A6D4D72 /* GlassCard.swift */; };
		779E1C7960595B359DDD3C41 /* Assets.xcassets in Resources */ = {isa = PBXBuildFile; fileRef = D139C36990BDCBC69DA096A1 /* Assets.xcassets */; };
		784201B52697C445EA3A12AF /* MockMood.swift in Sources */ = {isa = PBXBuildFile; fileRef = 4E24DE9D86BEAA91DB58D7AF /* MockMood.swift */; };
		7865268C9D3B434B7972F7E1 /* OnboardingComponents.swift in Sources */ = {isa = PBXBuildFile; fileRef = B30B00FD5E50F90076E29A48 /* OnboardingComponents.swift */; };
		7CBB516403CB7D8F30F997B2 /* SaintsForYouView.swift in Sources */ = {isa = PBXBuildFile; fileRef = AF55B1737C5167410C440486 /* SaintsForYouView.swift */; };
		7E3EF01FC5D8F84C9B1AED32 /* EBGaramond-SemiBold.ttf in Resources */ = {isa = PBXBuildFile; fileRef = 9C01A17065A57D4F5AA0CF3C /* EBGaramond-SemiBold.ttf */; };
		804EF89D6BDA39DCC6FC9B9C /* MockLiturgical.swift in Sources */ = {isa = PBXBuildFile; fileRef = 8E91CC0AD2FE3315BFBAC7C6 /* MockLiturgical.swift */; };
		819DA48E98629EFFABCEC5CF /* AngelusNudgeView.swift in Sources */ = {isa = PBXBuildFile; fileRef = 310BE3218669FF7F03615007 /* AngelusNudgeView.swift */; };
		833FBFF924BB59D7D7DF1CD2 /* OnboardingContent.swift in Sources */ = {isa = PBXBuildFile; fileRef = 1141C1D33857D4982D876450 /* OnboardingContent.swift */; };
		8B66205B743766D93343D695 /* OnboardingLoaderView.swift in Sources */ = {isa = PBXBuildFile; fileRef = 13370349962A1A01A269F8B3 /* OnboardingLoaderView.swift */; };
		8D1083F2863F46856F526EE9 /* RosaryLogView.swift in Sources */ = {isa = PBXBuildFile; fileRef = 5166DF49F6D26CC9DE39A585 /* RosaryLogView.swift */; };
		8F14F39D961C2BEDA07BE3EC /* TodayRootView.swift in Sources */ = {isa = PBXBuildFile; fileRef = 4584EA772E91637C377A6B12 /* TodayRootView.swift */; };
		929F53550875CEDB33AEEAB2 /* RosaryHowToView.swift in Sources */ = {isa = PBXBuildFile; fileRef = DB7FF250824CB84308F98FF9 /* RosaryHowToView.swift */; };
		92FA1A1D3094BCA88B127E56 /* OnboardingLifeQuestionView.swift in Sources */ = {isa = PBXBuildFile; fileRef = 648C9F2A61F1864864B18855 /* OnboardingLifeQuestionView.swift */; };
		9472B69DE124F31B45ED2D26 /* RosaryDarkModeView.swift in Sources */ = {isa = PBXBuildFile; fileRef = EE1E2DF590CC65A52B5A7E43 /* RosaryDarkModeView.swift */; };
		959063EE805B6366EF9C3B7D /* AngelusScheduler.swift in Sources */ = {isa = PBXBuildFile; fileRef = C001F88A11BB17BA890EEF83 /* AngelusScheduler.swift */; };
		975F7F5BD0B2792629C9B62E /* EBGaramond-Medium.ttf in Resources */ = {isa = PBXBuildFile; fileRef = 8F0B7E0BDDA351067DC3AB09 /* EBGaramond-Medium.ttf */; };
		98103933B321BE369C533513 /* MockSubscription.swift in Sources */ = {isa = PBXBuildFile; fileRef = 0C82F4CB58E4E72411E7BACE /* MockSubscription.swift */; };
		98EEED06A83E9B4958797523 /* ComplineView.swift in Sources */ = {isa = PBXBuildFile; fileRef = A78FF5E1F7D1C6EA9A891218 /* ComplineView.swift */; };
		9B7038F36D7513D665A04F96 /* SeasonRetrospectiveView.swift in Sources */ = {isa = PBXBuildFile; fileRef = DF94540CC43D048D2AFB1B15 /* SeasonRetrospectiveView.swift */; };
		9C11C7E943DCA5B1227CDF3E /* MoodReliefView.swift in Sources */ = {isa = PBXBuildFile; fileRef = 8045109FB41D5AA9E8A2552B /* MoodReliefView.swift */; };
		A0679D6E7752653E27DCB100 /* CrossGlyph.swift in Sources */ = {isa = PBXBuildFile; fileRef = 91D590B23F2975B841AB601E /* CrossGlyph.swift */; };
		AA80232E8C4368851886F8F1 /* EBGaramond-Regular.ttf in Resources */ = {isa = PBXBuildFile; fileRef = 98CD269C69DE28B8E321E2E3 /* EBGaramond-Regular.ttf */; };
		AC2A502F89B9AEACDC4C3F4F /* OnboardingPaywallView.swift in Sources */ = {isa = PBXBuildFile; fileRef = DABA499AC313C1D6851F23FD /* OnboardingPaywallView.swift */; };
		B01E39461B203F9CD8CD4693 /* OnboardingSpiritualQuestionView.swift in Sources */ = {isa = PBXBuildFile; fileRef = CD2E925AAA5C4F52B34C09D4 /* OnboardingSpiritualQuestionView.swift */; };
		B0C62F55D9647754C7BEDB5F /* FormationLessonView.swift in Sources */ = {isa = PBXBuildFile; fileRef = A9CA4C3818A3DED108588288 /* FormationLessonView.swift */; };
		B1027A44864C1580ACAC6E0F /* SaintDetailView.swift in Sources */ = {isa = PBXBuildFile; fileRef = F22DB6C4624EEE8D2B885B05 /* SaintDetailView.swift */; };
		B40DD96CBB221B05C96ACF1F /* CormorantGaramond-Regular.ttf in Resources */ = {isa = PBXBuildFile; fileRef = 63E6692DCBDC29C8E31B1C79 /* CormorantGaramond-Regular.ttf */; };
		BE684D7335EF95E9E30108F6 /* ExamenIntroView.swift in Sources */ = {isa = PBXBuildFile; fileRef = 5D3D5251FD6993C00B345E23 /* ExamenIntroView.swift */; };
		C8E2CC57776D7A41DF736841 /* JourneyListView.swift in Sources */ = {isa = PBXBuildFile; fileRef = E53F78D382401057C36C6C92 /* JourneyListView.swift */; };
		C9AD1AD5DD0E2499DF5DC567 /* GlassTabBar.swift in Sources */ = {isa = PBXBuildFile; fileRef = E4DDF3EE5A32A80F704EB0B4 /* GlassTabBar.swift */; };
		CBA3056DD1A8A0AAB1968AC5 /* OtherPrayersView.swift in Sources */ = {isa = PBXBuildFile; fileRef = B060A27799772C96B1D7752E /* OtherPrayersView.swift */; };
		CF605A9222782AC0223D5928 /* SettingsView.swift in Sources */ = {isa = PBXBuildFile; fileRef = 085B0E7DB07DABBDD6D616C6 /* SettingsView.swift */; };
		D01B162F80DFACB0F6634DE2 /* EBGaramond-MediumItalic.ttf in Resources */ = {isa = PBXBuildFile; fileRef = D4EF3E16915DDAF1EB7255E2 /* EBGaramond-MediumItalic.ttf */; };
		D1B9839D53ED8E76EA13B911 /* GlossaryView.swift in Sources */ = {isa = PBXBuildFile; fileRef = A9AD287F9499284A04DE649E /* GlossaryView.swift */; };
		D2E9AFA1231C326405429ADD /* CalendarDayDetailView.swift in Sources */ = {isa = PBXBuildFile; fileRef = CDD8E2D7996AEA26E4A57BF4 /* CalendarDayDetailView.swift */; };
		D31C85E0E6E803D6FCFCA481 /* MockOnboarding.swift in Sources */ = {isa = PBXBuildFile; fileRef = 1A3D968DD68BECA1B840DD68 /* MockOnboarding.swift */; };
		D35C9A535F8CFD300E4827DC /* CormorantGaramond-SemiBold.ttf in Resources */ = {isa = PBXBuildFile; fileRef = D9FD7378FC8351DB12FA8162 /* CormorantGaramond-SemiBold.ttf */; };
		D487E6E38970BF704909CBCF /* MockWordOfDay.swift in Sources */ = {isa = PBXBuildFile; fileRef = D7ED6DF20F1E0D622BE3B4FE /* MockWordOfDay.swift */; };
		DAB60DB9F381E826E1D27841 /* Colors.swift in Sources */ = {isa = PBXBuildFile; fileRef = D7F592E55A220D9003088DFF /* Colors.swift */; };
		DB473FB96B0D039817054995 /* RosaryGuidedPrayerView.swift in Sources */ = {isa = PBXBuildFile; fileRef = 5B49583537054AC3C26C2371 /* RosaryGuidedPrayerView.swift */; };
		E0E236EFD412A3C10874DD29 /* MockRosary.swift in Sources */ = {isa = PBXBuildFile; fileRef = BA0E3AB88B371DB92BF36D63 /* MockRosary.swift */; };
		E112C2D954F235CD19E05201 /* CormorantGaramond-Italic.ttf in Resources */ = {isa = PBXBuildFile; fileRef = 4BE7A1785F8D77047D6754CC /* CormorantGaramond-Italic.ttf */; };
		E340E28EDB1DF5B247AE820C /* MockSaints.swift in Sources */ = {isa = PBXBuildFile; fileRef = AEE3966F6DE7624F1F067AAA /* MockSaints.swift */; };
		E5011BCAD3C080FD91F62058 /* OnboardingNotificationPreviewView.swift in Sources */ = {isa = PBXBuildFile; fileRef = 04EF530B18A29BB2885EE480 /* OnboardingNotificationPreviewView.swift */; };
		E625C6488EFCFF958A45B71B /* Formation.swift in Sources */ = {isa = PBXBuildFile; fileRef = 227E67920FE2449FD6170F46 /* Formation.swift */; };
		E8E6AB7F050A1632FB2EA6EC /* OnboardingFlow.swift in Sources */ = {isa = PBXBuildFile; fileRef = 059392A80AD166C1D4330AF3 /* OnboardingFlow.swift */; };
		ED94A964B33E2C3F6ED48721 /* MoodHistoryStore.swift in Sources */ = {isa = PBXBuildFile; fileRef = FE91E0D9EA2D13161785475F /* MoodHistoryStore.swift */; };
		F00DA00E38C750A45E28C69F /* AppRootView.swift in Sources */ = {isa = PBXBuildFile; fileRef = C12D79BF4B3E4C6ABC19C5B0 /* AppRootView.swift */; };
		F4D6F14C234CA4FDA3D66137 /* PrayersRootView.swift in Sources */ = {isa = PBXBuildFile; fileRef = A48E9418BF623472B1DAF058 /* PrayersRootView.swift */; };
		F89B503A2BE9BB73D5570592 /* OnboardingSpiritualIntroView.swift in Sources */ = {isa = PBXBuildFile; fileRef = D6BE36B3A66F6F0DED7E4B0D /* OnboardingSpiritualIntroView.swift */; };
		F8DB3D2C250F5182202FC08E /* PrayerItem.swift in Sources */ = {isa = PBXBuildFile; fileRef = 62BC11EE0DBB46BD70CC50C4 /* PrayerItem.swift */; };
		FB06C1072C4909EFEE171745 /* OnboardingFeedView.swift in Sources */ = {isa = PBXBuildFile; fileRef = 4269FDBA369FE1CA7A8517E6 /* OnboardingFeedView.swift */; };
/* End PBXBuildFile section */

/* Begin PBXFileReference section */
		04EF530B18A29BB2885EE480 /* OnboardingNotificationPreviewView.swift */ = {isa = PBXFileReference; lastKnownFileType = sourcecode.swift; path = OnboardingNotificationPreviewView.swift; sourceTree = "<group>"; };
		059392A80AD166C1D4330AF3 /* OnboardingFlow.swift */ = {isa = PBXFileReference; lastKnownFileType = sourcecode.swift; path = OnboardingFlow.swift; sourceTree = "<group>"; };
		085B0E7DB07DABBDD6D616C6 /* SettingsView.swift */ = {isa = PBXFileReference; lastKnownFileType = sourcecode.swift; path = SettingsView.swift; sourceTree = "<group>"; };
		0BF026ED1AE79D8B6C5A3B51 /* Typography.swift */ = {isa = PBXFileReference; lastKnownFileType = sourcecode.swift; path = Typography.swift; sourceTree = "<group>"; };
		0C82F4CB58E4E72411E7BACE /* MockSubscription.swift */ = {isa = PBXFileReference; lastKnownFileType = sourcecode.swift; path = MockSubscription.swift; sourceTree = "<group>"; };
		1141C1D33857D4982D876450 /* OnboardingContent.swift */ = {isa = PBXFileReference; lastKnownFileType = sourcecode.swift; path = OnboardingContent.swift; sourceTree = "<group>"; };
		13370349962A1A01A269F8B3 /* OnboardingLoaderView.swift */ = {isa = PBXFileReference; lastKnownFileType = sourcecode.swift; path = OnboardingLoaderView.swift; sourceTree = "<group>"; };
		1A3D968DD68BECA1B840DD68 /* MockOnboarding.swift */ = {isa = PBXFileReference; lastKnownFileType = sourcecode.swift; path = MockOnboarding.swift; sourceTree = "<group>"; };
		1A6CB2EEC1A4189CB671B6A9 /* RosaryMysteriesPickerView.swift */ = {isa = PBXFileReference; lastKnownFileType = sourcecode.swift; path = RosaryMysteriesPickerView.swift; sourceTree = "<group>"; };
		1AB6736347B58C2DD3718609 /* Rosary.swift */ = {isa = PBXFileReference; lastKnownFileType = sourcecode.swift; path = Rosary.swift; sourceTree = "<group>"; };
		1EE2FC86ABF065AB9B93C248 /* PastoralCareNudgeView.swift */ = {isa = PBXFileReference; lastKnownFileType = sourcecode.swift; path = PastoralCareNudgeView.swift; sourceTree = "<group>"; };
		1F2547DB35325C7CF0DBE830 /* ShareCardView.swift */ = {isa = PBXFileReference; lastKnownFileType = sourcecode.swift; path = ShareCardView.swift; sourceTree = "<group>"; };
		227E67920FE2449FD6170F46 /* Formation.swift */ = {isa = PBXFileReference; lastKnownFileType = sourcecode.swift; path = Formation.swift; sourceTree = "<group>"; };
		2A92ABBE467814F0124A8AA9 /* Saint.swift */ = {isa = PBXFileReference; lastKnownFileType = sourcecode.swift; path = Saint.swift; sourceTree = "<group>"; };
		310BE3218669FF7F03615007 /* AngelusNudgeView.swift */ = {isa = PBXFileReference; lastKnownFileType = sourcecode.swift; path = AngelusNudgeView.swift; sourceTree = "<group>"; };
		38B6832F288C4C0C09FD5067 /* Missale.app */ = {isa = PBXFileReference; includeInIndex = 0; lastKnownFileType = wrapper.application; path = Missale.app; sourceTree = BUILT_PRODUCTS_DIR; };
		3D6FCC38A633B81C3703AE63 /* OnboardingModels.swift */ = {isa = PBXFileReference; lastKnownFileType = sourcecode.swift; path = OnboardingModels.swift; sourceTree = "<group>"; };
		4269FDBA369FE1CA7A8517E6 /* OnboardingFeedView.swift */ = {isa = PBXFileReference; lastKnownFileType = sourcecode.swift; path = OnboardingFeedView.swift; sourceTree = "<group>"; };
		4584EA772E91637C377A6B12 /* TodayRootView.swift */ = {isa = PBXFileReference; lastKnownFileType = sourcecode.swift; path = TodayRootView.swift; sourceTree = "<group>"; };
		4BE7A1785F8D77047D6754CC /* CormorantGaramond-Italic.ttf */ = {isa = PBXFileReference; lastKnownFileType = file; path = "CormorantGaramond-Italic.ttf"; sourceTree = "<group>"; };
		4D6494C870F0202D155720C4 /* CormorantGaramond-Medium.ttf */ = {isa = PBXFileReference; lastKnownFileType = file; path = "CormorantGaramond-Medium.ttf"; sourceTree = "<group>"; };
		4E24DE9D86BEAA91DB58D7AF /* MockMood.swift */ = {isa = PBXFileReference; lastKnownFileType = sourcecode.swift; path = MockMood.swift; sourceTree = "<group>"; };
		5166DF49F6D26CC9DE39A585 /* RosaryLogView.swift */ = {isa = PBXFileReference; lastKnownFileType = sourcecode.swift; path = RosaryLogView.swift; sourceTree = "<group>"; };
		51E8CA2292F4D55B83C89CF2 /* OnboardingViewModel.swift */ = {isa = PBXFileReference; lastKnownFileType = sourcecode.swift; path = OnboardingViewModel.swift; sourceTree = "<group>"; };
		5755A56F746943C35D7DEE62 /* CormorantGaramond-MediumItalic.ttf */ = {isa = PBXFileReference; lastKnownFileType = file; path = "CormorantGaramond-MediumItalic.ttf"; sourceTree = "<group>"; };
		5B49583537054AC3C26C2371 /* RosaryGuidedPrayerView.swift */ = {isa = PBXFileReference; lastKnownFileType = sourcecode.swift; path = RosaryGuidedPrayerView.swift; sourceTree = "<group>"; };
		5BF47B756C7A9EADDDDDA3DF /* LiturgicalDay.swift */ = {isa = PBXFileReference; lastKnownFileType = sourcecode.swift; path = LiturgicalDay.swift; sourceTree = "<group>"; };
		5D3D5251FD6993C00B345E23 /* ExamenIntroView.swift */ = {isa = PBXFileReference; lastKnownFileType = sourcecode.swift; path = ExamenIntroView.swift; sourceTree = "<group>"; };
		608C59712C955C59699FCE4E /* LiturgicalSeason.swift */ = {isa = PBXFileReference; lastKnownFileType = sourcecode.swift; path = LiturgicalSeason.swift; sourceTree = "<group>"; };
		61C7FA4E62CAB5039172A284 /* SaintsArchiveView.swift */ = {isa = PBXFileReference; lastKnownFileType = sourcecode.swift; path = SaintsArchiveView.swift; sourceTree = "<group>"; };
		62BC11EE0DBB46BD70CC50C4 /* PrayerItem.swift */ = {isa = PBXFileReference; lastKnownFileType = sourcecode.swift; path = PrayerItem.swift; sourceTree = "<group>"; };
		63E6692DCBDC29C8E31B1C79 /* CormorantGaramond-Regular.ttf */ = {isa = PBXFileReference; lastKnownFileType = file; path = "CormorantGaramond-Regular.ttf"; sourceTree = "<group>"; };
		648C9F2A61F1864864B18855 /* OnboardingLifeQuestionView.swift */ = {isa = PBXFileReference; lastKnownFileType = sourcecode.swift; path = OnboardingLifeQuestionView.swift; sourceTree = "<group>"; };
		6C9AD15B2BD32B9BB69CADD3 /* EndOfSessionView.swift */ = {isa = PBXFileReference; lastKnownFileType = sourcecode.swift; path = EndOfSessionView.swift; sourceTree = "<group>"; };
		70C391130864F8A75A6D4D72 /* GlassCard.swift */ = {isa = PBXFileReference; lastKnownFileType = sourcecode.swift; path = GlassCard.swift; sourceTree = "<group>"; };
		77E92BEE657D5E83B9780A7A /* CalendarRootView.swift */ = {isa = PBXFileReference; lastKnownFileType = sourcecode.swift; path = CalendarRootView.swift; sourceTree = "<group>"; };
		79CDD2C8BDEF1CE349F9B65D /* MassReadingsView.swift */ = {isa = PBXFileReference; lastKnownFileType = sourcecode.swift; path = MassReadingsView.swift; sourceTree = "<group>"; };
		7C851FE5FCA96354F60A6EB5 /* OnboardingNotificationTimeView.swift */ = {isa = PBXFileReference; lastKnownFileType = sourcecode.swift; path = OnboardingNotificationTimeView.swift; sourceTree = "<group>"; };
		8045109FB41D5AA9E8A2552B /* MoodReliefView.swift */ = {isa = PBXFileReference; lastKnownFileType = sourcecode.swift; path = MoodReliefView.swift; sourceTree = "<group>"; };
		8BAC36F87255861947FB745D /* OnboardingSynthesisView.swift */ = {isa = PBXFileReference; lastKnownFileType = sourcecode.swift; path = OnboardingSynthesisView.swift; sourceTree = "<group>"; };
		8E91CC0AD2FE3315BFBAC7C6 /* MockLiturgical.swift */ = {isa = PBXFileReference; lastKnownFileType = sourcecode.swift; path = MockLiturgical.swift; sourceTree = "<group>"; };
		8F0B7E0BDDA351067DC3AB09 /* EBGaramond-Medium.ttf */ = {isa = PBXFileReference; lastKnownFileType = file; path = "EBGaramond-Medium.ttf"; sourceTree = "<group>"; };
		91D590B23F2975B841AB601E /* CrossGlyph.swift */ = {isa = PBXFileReference; lastKnownFileType = sourcecode.swift; path = CrossGlyph.swift; sourceTree = "<group>"; };
		91E8E36AF717AEE65474B8ED /* OnboardingSampleView.swift */ = {isa = PBXFileReference; lastKnownFileType = sourcecode.swift; path = OnboardingSampleView.swift; sourceTree = "<group>"; };
		98CD269C69DE28B8E321E2E3 /* EBGaramond-Regular.ttf */ = {isa = PBXFileReference; lastKnownFileType = file; path = "EBGaramond-Regular.ttf"; sourceTree = "<group>"; };
		9C01A17065A57D4F5AA0CF3C /* EBGaramond-SemiBold.ttf */ = {isa = PBXFileReference; lastKnownFileType = file; path = "EBGaramond-SemiBold.ttf"; sourceTree = "<group>"; };
		A48E9418BF623472B1DAF058 /* PrayersRootView.swift */ = {isa = PBXFileReference; lastKnownFileType = sourcecode.swift; path = PrayersRootView.swift; sourceTree = "<group>"; };
		A5E469A2668E22E83B8E4BF2 /* EBGaramond-Italic.ttf */ = {isa = PBXFileReference; lastKnownFileType = file; path = "EBGaramond-Italic.ttf"; sourceTree = "<group>"; };
		A6229DFA801AE3A4CA71FFE6 /* SubscriptionCancellationView.swift */ = {isa = PBXFileReference; lastKnownFileType = sourcecode.swift; path = SubscriptionCancellationView.swift; sourceTree = "<group>"; };
		A78FF5E1F7D1C6EA9A891218 /* ComplineView.swift */ = {isa = PBXFileReference; lastKnownFileType = sourcecode.swift; path = ComplineView.swift; sourceTree = "<group>"; };
		A9AD287F9499284A04DE649E /* GlossaryView.swift */ = {isa = PBXFileReference; lastKnownFileType = sourcecode.swift; path = GlossaryView.swift; sourceTree = "<group>"; };
		A9CA4C3818A3DED108588288 /* FormationLessonView.swift */ = {isa = PBXFileReference; lastKnownFileType = sourcecode.swift; path = FormationLessonView.swift; sourceTree = "<group>"; };
		AEE3966F6DE7624F1F067AAA /* MockSaints.swift */ = {isa = PBXFileReference; lastKnownFileType = sourcecode.swift; path = MockSaints.swift; sourceTree = "<group>"; };
		AF55B1737C5167410C440486 /* SaintsForYouView.swift */ = {isa = PBXFileReference; lastKnownFileType = sourcecode.swift; path = SaintsForYouView.swift; sourceTree = "<group>"; };
		B060A27799772C96B1D7752E /* OtherPrayersView.swift */ = {isa = PBXFileReference; lastKnownFileType = sourcecode.swift; path = OtherPrayersView.swift; sourceTree = "<group>"; };
		B272A3B51CBFE80DEF87ED5C /* MoodState.swift */ = {isa = PBXFileReference; lastKnownFileType = sourcecode.swift; path = MoodState.swift; sourceTree = "<group>"; };
		B30B00FD5E50F90076E29A48 /* OnboardingComponents.swift */ = {isa = PBXFileReference; lastKnownFileType = sourcecode.swift; path = OnboardingComponents.swift; sourceTree = "<group>"; };
		BA0E3AB88B371DB92BF36D63 /* MockRosary.swift */ = {isa = PBXFileReference; lastKnownFileType = sourcecode.swift; path = MockRosary.swift; sourceTree = "<group>"; };
		C001F88A11BB17BA890EEF83 /* AngelusScheduler.swift */ = {isa = PBXFileReference; lastKnownFileType = sourcecode.swift; path = AngelusScheduler.swift; sourceTree = "<group>"; };
		C12D79BF4B3E4C6ABC19C5B0 /* AppRootView.swift */ = {isa = PBXFileReference; lastKnownFileType = sourcecode.swift; path = AppRootView.swift; sourceTree = "<group>"; };
		CD2E925AAA5C4F52B34C09D4 /* OnboardingSpiritualQuestionView.swift */ = {isa = PBXFileReference; lastKnownFileType = sourcecode.swift; path = OnboardingSpiritualQuestionView.swift; sourceTree = "<group>"; };
		CDD8E2D7996AEA26E4A57BF4 /* CalendarDayDetailView.swift */ = {isa = PBXFileReference; lastKnownFileType = sourcecode.swift; path = CalendarDayDetailView.swift; sourceTree = "<group>"; };
		D139C36990BDCBC69DA096A1 /* Assets.xcassets */ = {isa = PBXFileReference; lastKnownFileType = folder.assetcatalog; path = Assets.xcassets; sourceTree = "<group>"; };
		D4EF3E16915DDAF1EB7255E2 /* EBGaramond-MediumItalic.ttf */ = {isa = PBXFileReference; lastKnownFileType = file; path = "EBGaramond-MediumItalic.ttf"; sourceTree = "<group>"; };
		D6BE36B3A66F6F0DED7E4B0D /* OnboardingSpiritualIntroView.swift */ = {isa = PBXFileReference; lastKnownFileType = sourcecode.swift; path = OnboardingSpiritualIntroView.swift; sourceTree = "<group>"; };
		D7ED6DF20F1E0D622BE3B4FE /* MockWordOfDay.swift */ = {isa = PBXFileReference; lastKnownFileType = sourcecode.swift; path = MockWordOfDay.swift; sourceTree = "<group>"; };
		D7F592E55A220D9003088DFF /* Colors.swift */ = {isa = PBXFileReference; lastKnownFileType = sourcecode.swift; path = Colors.swift; sourceTree = "<group>"; };
		D9FD7378FC8351DB12FA8162 /* CormorantGaramond-SemiBold.ttf */ = {isa = PBXFileReference; lastKnownFileType = file; path = "CormorantGaramond-SemiBold.ttf"; sourceTree = "<group>"; };
		DABA499AC313C1D6851F23FD /* OnboardingPaywallView.swift */ = {isa = PBXFileReference; lastKnownFileType = sourcecode.swift; path = OnboardingPaywallView.swift; sourceTree = "<group>"; };
		DB7FF250824CB84308F98FF9 /* RosaryHowToView.swift */ = {isa = PBXFileReference; lastKnownFileType = sourcecode.swift; path = RosaryHowToView.swift; sourceTree = "<group>"; };
		DD9975789A3E180E7DD5AD61 /* MockFormation.swift */ = {isa = PBXFileReference; lastKnownFileType = sourcecode.swift; path = MockFormation.swift; sourceTree = "<group>"; };
		DF94540CC43D048D2AFB1B15 /* SeasonRetrospectiveView.swift */ = {isa = PBXFileReference; lastKnownFileType = sourcecode.swift; path = SeasonRetrospectiveView.swift; sourceTree = "<group>"; };
		E416E5A20CB92AE084D9E048 /* WordOfDayView.swift */ = {isa = PBXFileReference; lastKnownFileType = sourcecode.swift; path = WordOfDayView.swift; sourceTree = "<group>"; };
		E4DDF3EE5A32A80F704EB0B4 /* GlassTabBar.swift */ = {isa = PBXFileReference; lastKnownFileType = sourcecode.swift; path = GlassTabBar.swift; sourceTree = "<group>"; };
		E53F78D382401057C36C6C92 /* JourneyListView.swift */ = {isa = PBXFileReference; lastKnownFileType = sourcecode.swift; path = JourneyListView.swift; sourceTree = "<group>"; };
		EE1E2DF590CC65A52B5A7E43 /* RosaryDarkModeView.swift */ = {isa = PBXFileReference; lastKnownFileType = sourcecode.swift; path = RosaryDarkModeView.swift; sourceTree = "<group>"; };
		F118949AB6FAC7EA7D4CF4E5 /* MissaleApp.swift */ = {isa = PBXFileReference; lastKnownFileType = sourcecode.swift; path = MissaleApp.swift; sourceTree = "<group>"; };
		F22DB6C4624EEE8D2B885B05 /* SaintDetailView.swift */ = {isa = PBXFileReference; lastKnownFileType = sourcecode.swift; path = SaintDetailView.swift; sourceTree = "<group>"; };
		F56BF93F3622EF92D3F78F05 /* ScrupulosityRedirectView.swift */ = {isa = PBXFileReference; lastKnownFileType = sourcecode.swift; path = ScrupulosityRedirectView.swift; sourceTree = "<group>"; };
		F6A87801F1104BDD82BCEF9F /* SubscriptionPlan.swift */ = {isa = PBXFileReference; lastKnownFileType = sourcecode.swift; path = SubscriptionPlan.swift; sourceTree = "<group>"; };
		F8D265308DDF252A3DD76D4C /* OnboardingReliefView.swift */ = {isa = PBXFileReference; lastKnownFileType = sourcecode.swift; path = OnboardingReliefView.swift; sourceTree = "<group>"; };
		FE91E0D9EA2D13161785475F /* MoodHistoryStore.swift */ = {isa = PBXFileReference; lastKnownFileType = sourcecode.swift; path = MoodHistoryStore.swift; sourceTree = "<group>"; };
		FEA44835E8D3EB720434BDDF /* MoodCheckInSheet.swift */ = {isa = PBXFileReference; lastKnownFileType = sourcecode.swift; path = MoodCheckInSheet.swift; sourceTree = "<group>"; };
		FF8386DB427306B75159719D /* FormationRootView.swift */ = {isa = PBXFileReference; lastKnownFileType = sourcecode.swift; path = FormationRootView.swift; sourceTree = "<group>"; };
/* End PBXFileReference section */

/* Begin PBXGroup section */
		0815C1368A2E6934B9407FBA /* Saints */ = {
			isa = PBXGroup;
			children = (
				F22DB6C4624EEE8D2B885B05 /* SaintDetailView.swift */,
				61C7FA4E62CAB5039172A284 /* SaintsArchiveView.swift */,
				AF55B1737C5167410C440486 /* SaintsForYouView.swift */,
			);
			path = Saints;
			sourceTree = "<group>";
		};
		1E3D63FED4ADA19F3F4A4938 /* Today */ = {
			isa = PBXGroup;
			children = (
				A78FF5E1F7D1C6EA9A891218 /* ComplineView.swift */,
				5D3D5251FD6993C00B345E23 /* ExamenIntroView.swift */,
				FEA44835E8D3EB720434BDDF /* MoodCheckInSheet.swift */,
				FE91E0D9EA2D13161785475F /* MoodHistoryStore.swift */,
				8045109FB41D5AA9E8A2552B /* MoodReliefView.swift */,
				1EE2FC86ABF065AB9B93C248 /* PastoralCareNudgeView.swift */,
				F56BF93F3622EF92D3F78F05 /* ScrupulosityRedirectView.swift */,
				4584EA772E91637C377A6B12 /* TodayRootView.swift */,
			);
			path = Today;
			sourceTree = "<group>";
		};
		1F9D0DB6A8D45ED95FB31011 /* Fonts */ = {
			isa = PBXGroup;
			children = (
				4BE7A1785F8D77047D6754CC /* CormorantGaramond-Italic.ttf */,
				4D6494C870F0202D155720C4 /* CormorantGaramond-Medium.ttf */,
				5755A56F746943C35D7DEE62 /* CormorantGaramond-MediumItalic.ttf */,
				63E6692DCBDC29C8E31B1C79 /* CormorantGaramond-Regular.ttf */,
				D9FD7378FC8351DB12FA8162 /* CormorantGaramond-SemiBold.ttf */,
				A5E469A2668E22E83B8E4BF2 /* EBGaramond-Italic.ttf */,
				8F0B7E0BDDA351067DC3AB09 /* EBGaramond-Medium.ttf */,
				D4EF3E16915DDAF1EB7255E2 /* EBGaramond-MediumItalic.ttf */,
				98CD269C69DE28B8E321E2E3 /* EBGaramond-Regular.ttf */,
				9C01A17065A57D4F5AA0CF3C /* EBGaramond-SemiBold.ttf */,
			);
			path = Fonts;
			sourceTree = "<group>";
		};
		242B41A14C228041FD22452F /* Calendar */ = {
			isa = PBXGroup;
			children = (
				CDD8E2D7996AEA26E4A57BF4 /* CalendarDayDetailView.swift */,
				77E92BEE657D5E83B9780A7A /* CalendarRootView.swift */,
				E53F78D382401057C36C6C92 /* JourneyListView.swift */,
				DF94540CC43D048D2AFB1B15 /* SeasonRetrospectiveView.swift */,
			);
			path = Calendar;
			sourceTree = "<group>";
		};
		4E078AEDFE80F19D79988672 /* Products */ = {
			isa = PBXGroup;
			children = (
				38B6832F288C4C0C09FD5067 /* Missale.app */,
			);
			name = Products;
			sourceTree = "<group>";
		};
		533727340F78C71CDA0457FC = {
			isa = PBXGroup;
			children = (
				8409C1C5BFAE3BC0D2F85C98 /* Sources */,
				4E078AEDFE80F19D79988672 /* Products */,
			);
			sourceTree = "<group>";
		};
		5A2FEA032A72AFCC319D0C3E /* Features */ = {
			isa = PBXGroup;
			children = (
				242B41A14C228041FD22452F /* Calendar */,
				AEFA18FEF661A709F5AD0BD8 /* Formation */,
				A86F3D7291F6837C44094BF3 /* Prayers */,
				0815C1368A2E6934B9407FBA /* Saints */,
				6E16A04FA32B754DB3CA81A5 /* Settings */,
				F00E11DAACDD1F4B7062BE1F /* Subscription */,
				1E3D63FED4ADA19F3F4A4938 /* Today */,
				DDBD25A42BFE36F9A911C348 /* WordOfDay */,
			);
			path = Features;
			sourceTree = "<group>";
		};
		6DFA1BBB63C55200A11B3CEB /* MockData */ = {
			isa = PBXGroup;
			children = (
				DD9975789A3E180E7DD5AD61 /* MockFormation.swift */,
				8E91CC0AD2FE3315BFBAC7C6 /* MockLiturgical.swift */,
				4E24DE9D86BEAA91DB58D7AF /* MockMood.swift */,
				1A3D968DD68BECA1B840DD68 /* MockOnboarding.swift */,
				BA0E3AB88B371DB92BF36D63 /* MockRosary.swift */,
				AEE3966F6DE7624F1F067AAA /* MockSaints.swift */,
				0C82F4CB58E4E72411E7BACE /* MockSubscription.swift */,
				D7ED6DF20F1E0D622BE3B4FE /* MockWordOfDay.swift */,
			);
			path = MockData;
			sourceTree = "<group>";
		};
		6E16A04FA32B754DB3CA81A5 /* Settings */ = {
			isa = PBXGroup;
			children = (
				085B0E7DB07DABBDD6D616C6 /* SettingsView.swift */,
			);
			path = Settings;
			sourceTree = "<group>";
		};
		82C0440A5D698DC60EBD9945 /* Models */ = {
			isa = PBXGroup;
			children = (
				227E67920FE2449FD6170F46 /* Formation.swift */,
				5BF47B756C7A9EADDDDDA3DF /* LiturgicalDay.swift */,
				608C59712C955C59699FCE4E /* LiturgicalSeason.swift */,
				B272A3B51CBFE80DEF87ED5C /* MoodState.swift */,
				1141C1D33857D4982D876450 /* OnboardingContent.swift */,
				62BC11EE0DBB46BD70CC50C4 /* PrayerItem.swift */,
				1AB6736347B58C2DD3718609 /* Rosary.swift */,
				2A92ABBE467814F0124A8AA9 /* Saint.swift */,
				F6A87801F1104BDD82BCEF9F /* SubscriptionPlan.swift */,
			);
			path = Models;
			sourceTree = "<group>";
		};
		8409C1C5BFAE3BC0D2F85C98 /* Sources */ = {
			isa = PBXGroup;
			children = (
				C12D79BF4B3E4C6ABC19C5B0 /* AppRootView.swift */,
				D139C36990BDCBC69DA096A1 /* Assets.xcassets */,
				F118949AB6FAC7EA7D4CF4E5 /* MissaleApp.swift */,
				F63973FE7DAA5C1EE371C6D6 /* DesignSystem */,
				5A2FEA032A72AFCC319D0C3E /* Features */,
				1F9D0DB6A8D45ED95FB31011 /* Fonts */,
				6DFA1BBB63C55200A11B3CEB /* MockData */,
				82C0440A5D698DC60EBD9945 /* Models */,
				F802788DFBC0F9476F914EEA /* Onboarding */,
			);
			path = Sources;
			sourceTree = "<group>";
		};
		A86F3D7291F6837C44094BF3 /* Prayers */ = {
			isa = PBXGroup;
			children = (
				B060A27799772C96B1D7752E /* OtherPrayersView.swift */,
				A48E9418BF623472B1DAF058 /* PrayersRootView.swift */,
				EE1E2DF590CC65A52B5A7E43 /* RosaryDarkModeView.swift */,
				5B49583537054AC3C26C2371 /* RosaryGuidedPrayerView.swift */,
				DB7FF250824CB84308F98FF9 /* RosaryHowToView.swift */,
				5166DF49F6D26CC9DE39A585 /* RosaryLogView.swift */,
				1A6CB2EEC1A4189CB671B6A9 /* RosaryMysteriesPickerView.swift */,
			);
			path = Prayers;
			sourceTree = "<group>";
		};
		AEFA18FEF661A709F5AD0BD8 /* Formation */ = {
			isa = PBXGroup;
			children = (
				6C9AD15B2BD32B9BB69CADD3 /* EndOfSessionView.swift */,
				A9CA4C3818A3DED108588288 /* FormationLessonView.swift */,
				FF8386DB427306B75159719D /* FormationRootView.swift */,
				A9AD287F9499284A04DE649E /* GlossaryView.swift */,
			);
			path = Formation;
			sourceTree = "<group>";
		};
		DDBD25A42BFE36F9A911C348 /* WordOfDay */ = {
			isa = PBXGroup;
			children = (
				79CDD2C8BDEF1CE349F9B65D /* MassReadingsView.swift */,
				1F2547DB35325C7CF0DBE830 /* ShareCardView.swift */,
				E416E5A20CB92AE084D9E048 /* WordOfDayView.swift */,
			);
			path = WordOfDay;
			sourceTree = "<group>";
		};
		F00E11DAACDD1F4B7062BE1F /* Subscription */ = {
			isa = PBXGroup;
			children = (
				310BE3218669FF7F03615007 /* AngelusNudgeView.swift */,
				C001F88A11BB17BA890EEF83 /* AngelusScheduler.swift */,
				A6229DFA801AE3A4CA71FFE6 /* SubscriptionCancellationView.swift */,
			);
			path = Subscription;
			sourceTree = "<group>";
		};
		F63973FE7DAA5C1EE371C6D6 /* DesignSystem */ = {
			isa = PBXGroup;
			children = (
				D7F592E55A220D9003088DFF /* Colors.swift */,
				91D590B23F2975B841AB601E /* CrossGlyph.swift */,
				70C391130864F8A75A6D4D72 /* GlassCard.swift */,
				E4DDF3EE5A32A80F704EB0B4 /* GlassTabBar.swift */,
				0BF026ED1AE79D8B6C5A3B51 /* Typography.swift */,
			);
			path = DesignSystem;
			sourceTree = "<group>";
		};
		F802788DFBC0F9476F914EEA /* Onboarding */ = {
			isa = PBXGroup;
			children = (
				B30B00FD5E50F90076E29A48 /* OnboardingComponents.swift */,
				4269FDBA369FE1CA7A8517E6 /* OnboardingFeedView.swift */,
				059392A80AD166C1D4330AF3 /* OnboardingFlow.swift */,
				648C9F2A61F1864864B18855 /* OnboardingLifeQuestionView.swift */,
				13370349962A1A01A269F8B3 /* OnboardingLoaderView.swift */,
				3D6FCC38A633B81C3703AE63 /* OnboardingModels.swift */,
				04EF530B18A29BB2885EE480 /* OnboardingNotificationPreviewView.swift */,
				7C851FE5FCA96354F60A6EB5 /* OnboardingNotificationTimeView.swift */,
				DABA499AC313C1D6851F23FD /* OnboardingPaywallView.swift */,
				F8D265308DDF252A3DD76D4C /* OnboardingReliefView.swift */,
				91E8E36AF717AEE65474B8ED /* OnboardingSampleView.swift */,
				D6BE36B3A66F6F0DED7E4B0D /* OnboardingSpiritualIntroView.swift */,
				CD2E925AAA5C4F52B34C09D4 /* OnboardingSpiritualQuestionView.swift */,
				8BAC36F87255861947FB745D /* OnboardingSynthesisView.swift */,
				51E8CA2292F4D55B83C89CF2 /* OnboardingViewModel.swift */,
			);
			path = Onboarding;
			sourceTree = "<group>";
		};
/* End PBXGroup section */

/* Begin PBXNativeTarget section */
		5DABD5C69BB48A28A5395027 /* Missale */ = {
			isa = PBXNativeTarget;
			buildConfigurationList = FCDCD0EC9875623172339A38 /* Build configuration list for PBXNativeTarget "Missale" */;
			buildPhases = (
				09CF40A226253A556E51BA7F /* Sources */,
				807DB18F7EF779F89EF257A1 /* Resources */,
			);
			buildRules = (
			);
			dependencies = (
			);
			name = Missale;
			packageProductDependencies = (
			);
			productName = Missale;
			productReference = 38B6832F288C4C0C09FD5067 /* Missale.app */;
			productType = "com.apple.product-type.application";
		};
/* End PBXNativeTarget section */

/* Begin PBXProject section */
		FD8F43A7168B5EA7E1FCAB96 /* Project object */ = {
			isa = PBXProject;
			attributes = {
				BuildIndependentTargetsInParallel = YES;
				LastUpgradeCheck = 1430;
				TargetAttributes = {
				};
			};
			buildConfigurationList = C3DD0984026CF4C4C9526A69 /* Build configuration list for PBXProject "Missale" */;
			developmentRegion = en;
			hasScannedForEncodings = 0;
			knownRegions = (
				Base,
				en,
			);
			mainGroup = 533727340F78C71CDA0457FC;
			minimizedProjectReferenceProxies = 1;
			preferredProjectObjectVersion = 77;
			productRefGroup = 4E078AEDFE80F19D79988672 /* Products */;
			projectDirPath = "";
			projectRoot = "";
			targets = (
				5DABD5C69BB48A28A5395027 /* Missale */,
			);
		};
/* End PBXProject section */

/* Begin PBXResourcesBuildPhase section */
		807DB18F7EF779F89EF257A1 /* Resources */ = {
			isa = PBXResourcesBuildPhase;
			buildActionMask = 2147483647;
			files = (
				779E1C7960595B359DDD3C41 /* Assets.xcassets in Resources */,
				E112C2D954F235CD19E05201 /* CormorantGaramond-Italic.ttf in Resources */,
				0BE69695542E3F1FA62C3F52 /* CormorantGaramond-Medium.ttf in Resources */,
				5BE91E45C821873F83966890 /* CormorantGaramond-MediumItalic.ttf in Resources */,
				B40DD96CBB221B05C96ACF1F /* CormorantGaramond-Regular.ttf in Resources */,
				D35C9A535F8CFD300E4827DC /* CormorantGaramond-SemiBold.ttf in Resources */,
				2EA1309C5A653C1A5AE2EA15 /* EBGaramond-Italic.ttf in Resources */,
				975F7F5BD0B2792629C9B62E /* EBGaramond-Medium.ttf in Resources */,
				D01B162F80DFACB0F6634DE2 /* EBGaramond-MediumItalic.ttf in Resources */,
				AA80232E8C4368851886F8F1 /* EBGaramond-Regular.ttf in Resources */,
				7E3EF01FC5D8F84C9B1AED32 /* EBGaramond-SemiBold.ttf in Resources */,
			);
			runOnlyForDeploymentPostprocessing = 0;
		};
/* End PBXResourcesBuildPhase section */

/* Begin PBXSourcesBuildPhase section */
		09CF40A226253A556E51BA7F /* Sources */ = {
			isa = PBXSourcesBuildPhase;
			buildActionMask = 2147483647;
			files = (
				819DA48E98629EFFABCEC5CF /* AngelusNudgeView.swift in Sources */,
				959063EE805B6366EF9C3B7D /* AngelusScheduler.swift in Sources */,
				F00DA00E38C750A45E28C69F /* AppRootView.swift in Sources */,
				D2E9AFA1231C326405429ADD /* CalendarDayDetailView.swift in Sources */,
				0082D9ABA853C8599FC11185 /* CalendarRootView.swift in Sources */,
				DAB60DB9F381E826E1D27841 /* Colors.swift in Sources */,
				98EEED06A83E9B4958797523 /* ComplineView.swift in Sources */,
				A0679D6E7752653E27DCB100 /* CrossGlyph.swift in Sources */,
				610A93551919DFD289C414C1 /* EndOfSessionView.swift in Sources */,
				BE684D7335EF95E9E30108F6 /* ExamenIntroView.swift in Sources */,
				E625C6488EFCFF958A45B71B /* Formation.swift in Sources */,
				B0C62F55D9647754C7BEDB5F /* FormationLessonView.swift in Sources */,
				474FFA1E3B486CF5E9841453 /* FormationRootView.swift in Sources */,
				71A518CE73E4BA9C5AE12993 /* GlassCard.swift in Sources */,
				C9AD1AD5DD0E2499DF5DC567 /* GlassTabBar.swift in Sources */,
				D1B9839D53ED8E76EA13B911 /* GlossaryView.swift in Sources */,
				C8E2CC57776D7A41DF736841 /* JourneyListView.swift in Sources */,
				2909E8285FF5C191C0594765 /* LiturgicalDay.swift in Sources */,
				3FD67AFF3C4B350BCB0D3B69 /* LiturgicalSeason.swift in Sources */,
				2F85B619C969020F022316A9 /* MassReadingsView.swift in Sources */,
				1A28EA2A5A4E6FC2F9373552 /* MissaleApp.swift in Sources */,
				4715C6F1AA83DFB0BF92B68B /* MockFormation.swift in Sources */,
				804EF89D6BDA39DCC6FC9B9C /* MockLiturgical.swift in Sources */,
				784201B52697C445EA3A12AF /* MockMood.swift in Sources */,
				D31C85E0E6E803D6FCFCA481 /* MockOnboarding.swift in Sources */,
				E0E236EFD412A3C10874DD29 /* MockRosary.swift in Sources */,
				E340E28EDB1DF5B247AE820C /* MockSaints.swift in Sources */,
				98103933B321BE369C533513 /* MockSubscription.swift in Sources */,
				D487E6E38970BF704909CBCF /* MockWordOfDay.swift in Sources */,
				7056EE04F1447BA4E81F89FC /* MoodCheckInSheet.swift in Sources */,
				ED94A964B33E2C3F6ED48721 /* MoodHistoryStore.swift in Sources */,
				9C11C7E943DCA5B1227CDF3E /* MoodReliefView.swift in Sources */,
				31003D72563CA5BEED79DED9 /* MoodState.swift in Sources */,
				7865268C9D3B434B7972F7E1 /* OnboardingComponents.swift in Sources */,
				833FBFF924BB59D7D7DF1CD2 /* OnboardingContent.swift in Sources */,
				FB06C1072C4909EFEE171745 /* OnboardingFeedView.swift in Sources */,
				E8E6AB7F050A1632FB2EA6EC /* OnboardingFlow.swift in Sources */,
				92FA1A1D3094BCA88B127E56 /* OnboardingLifeQuestionView.swift in Sources */,
				8B66205B743766D93343D695 /* OnboardingLoaderView.swift in Sources */,
				46EFB73825213236823F531A /* OnboardingModels.swift in Sources */,
				E5011BCAD3C080FD91F62058 /* OnboardingNotificationPreviewView.swift in Sources */,
				1355E7FF889083146114CB75 /* OnboardingNotificationTimeView.swift in Sources */,
				AC2A502F89B9AEACDC4C3F4F /* OnboardingPaywallView.swift in Sources */,
				155093060C843D5EE6DBDABC /* OnboardingReliefView.swift in Sources */,
				3A6D82247B462928BC0C108A /* OnboardingSampleView.swift in Sources */,
				F89B503A2BE9BB73D5570592 /* OnboardingSpiritualIntroView.swift in Sources */,
				B01E39461B203F9CD8CD4693 /* OnboardingSpiritualQuestionView.swift in Sources */,
				36FF9021F69DD1A71949E516 /* OnboardingSynthesisView.swift in Sources */,
				161CB7CCDA52FDBC95373F99 /* OnboardingViewModel.swift in Sources */,
				CBA3056DD1A8A0AAB1968AC5 /* OtherPrayersView.swift in Sources */,
				081B2AFF5B0855B16E3E4613 /* PastoralCareNudgeView.swift in Sources */,
				F8DB3D2C250F5182202FC08E /* PrayerItem.swift in Sources */,
				F4D6F14C234CA4FDA3D66137 /* PrayersRootView.swift in Sources */,
				5123E50F1589C1B3E2A9B5E2 /* Rosary.swift in Sources */,
				9472B69DE124F31B45ED2D26 /* RosaryDarkModeView.swift in Sources */,
				DB473FB96B0D039817054995 /* RosaryGuidedPrayerView.swift in Sources */,
				929F53550875CEDB33AEEAB2 /* RosaryHowToView.swift in Sources */,
				8D1083F2863F46856F526EE9 /* RosaryLogView.swift in Sources */,
				716E10EA85D0CBA51CAFB0A8 /* RosaryMysteriesPickerView.swift in Sources */,
				3140FC814167B4E767196940 /* Saint.swift in Sources */,
				B1027A44864C1580ACAC6E0F /* SaintDetailView.swift in Sources */,
				4C79424985C57BF62827686A /* SaintsArchiveView.swift in Sources */,
				7CBB516403CB7D8F30F997B2 /* SaintsForYouView.swift in Sources */,
				251EE704BBC2F951486BC76B /* ScrupulosityRedirectView.swift in Sources */,
				9B7038F36D7513D665A04F96 /* SeasonRetrospectiveView.swift in Sources */,
				CF605A9222782AC0223D5928 /* SettingsView.swift in Sources */,
				5A03142066ECAA7D4A4818B4 /* ShareCardView.swift in Sources */,
				363F452FC43E782675CBAA65 /* SubscriptionCancellationView.swift in Sources */,
				6A8A62A02D7F0331AD915DED /* SubscriptionPlan.swift in Sources */,
				8F14F39D961C2BEDA07BE3EC /* TodayRootView.swift in Sources */,
				313CA19CE3ED8B71E9015A24 /* Typography.swift in Sources */,
				30AB0317AFFDD1BE6541A2E3 /* WordOfDayView.swift in Sources */,
			);
			runOnlyForDeploymentPostprocessing = 0;
		};
/* End PBXSourcesBuildPhase section */

/* Begin XCBuildConfiguration section */
		0BD03047CE9849C44B6B3F5B /* Release */ = {
			isa = XCBuildConfiguration;
			buildSettings = {
				ALWAYS_SEARCH_USER_PATHS = NO;
				ASSETCATALOG_COMPILER_APPICON_NAME = AppIcon;
				ASSETCATALOG_COMPILER_GLOBAL_ACCENT_COLOR_NAME = AccentColor;
				CLANG_ANALYZER_NONNULL = YES;
				CLANG_ANALYZER_NUMBER_OBJECT_CONVERSION = YES_AGGRESSIVE;
				CLANG_CXX_LANGUAGE_STANDARD = "gnu++14";
				CLANG_CXX_LIBRARY = "libc++";
				CLANG_ENABLE_MODULES = YES;
				CLANG_ENABLE_OBJC_ARC = YES;
				CLANG_ENABLE_OBJC_WEAK = YES;
				CLANG_WARN_BLOCK_CAPTURE_AUTORELEASING = YES;
				CLANG_WARN_BOOL_CONVERSION = YES;
				CLANG_WARN_COMMA = YES;
				CLANG_WARN_CONSTANT_CONVERSION = YES;
				CLANG_WARN_DEPRECATED_OBJC_IMPLEMENTATIONS = YES;
				CLANG_WARN_DIRECT_OBJC_ISA_USAGE = YES_ERROR;
				CLANG_WARN_DOCUMENTATION_COMMENTS = YES;
				CLANG_WARN_EMPTY_BODY = YES;
				CLANG_WARN_ENUM_CONVERSION = YES;
				CLANG_WARN_INFINITE_RECURSION = YES;
				CLANG_WARN_INT_CONVERSION = YES;
				CLANG_WARN_NON_LITERAL_NULL_CONVERSION = YES;
				CLANG_WARN_OBJC_IMPLICIT_RETAIN_SELF = YES;
				CLANG_WARN_OBJC_LITERAL_CONVERSION = YES;
				CLANG_WARN_OBJC_ROOT_CLASS = YES_ERROR;
				CLANG_WARN_QUOTED_INCLUDE_IN_FRAMEWORK_HEADER = YES;
				CLANG_WARN_RANGE_LOOP_ANALYSIS = YES;
				CLANG_WARN_STRICT_PROTOTYPES = YES;
				CLANG_WARN_SUSPICIOUS_MOVE = YES;
				CLANG_WARN_UNGUARDED_AVAILABILITY = YES_AGGRESSIVE;
				CLANG_WARN_UNREACHABLE_CODE = YES;
				CLANG_WARN__DUPLICATE_METHOD_MATCH = YES;
				COPY_PHASE_STRIP = NO;
				DEBUG_INFORMATION_FORMAT = "dwarf-with-dsym";
				ENABLE_NS_ASSERTIONS = NO;
				ENABLE_STRICT_OBJC_MSGSEND = YES;
				GCC_C_LANGUAGE_STANDARD = gnu11;
				GCC_NO_COMMON_BLOCKS = YES;
				GCC_WARN_64_TO_32_BIT_CONVERSION = YES;
				GCC_WARN_ABOUT_RETURN_TYPE = YES_ERROR;
				GCC_WARN_UNDECLARED_SELECTOR = YES;
				GCC_WARN_UNINITIALIZED_AUTOS = YES_AGGRESSIVE;
				GCC_WARN_UNUSED_FUNCTION = YES;
				GCC_WARN_UNUSED_VARIABLE = YES;
				IPHONEOS_DEPLOYMENT_TARGET = 17.0;
				MTL_ENABLE_DEBUG_INFO = NO;
				MTL_FAST_MATH = YES;
				PRODUCT_NAME = "$(TARGET_NAME)";
				SDKROOT = iphoneos;
				SWIFT_COMPILATION_MODE = wholemodule;
				SWIFT_OPTIMIZATION_LEVEL = "-O";
				SWIFT_VERSION = 5.0;
				TARGETED_DEVICE_FAMILY = "1,2";
			};
			name = Release;
		};
		5BE78FB2CE61D4A0664BF542 /* Release */ = {
			isa = XCBuildConfiguration;
			buildSettings = {
				ASSETCATALOG_COMPILER_APPICON_NAME = AppIcon;
				CODE_SIGN_ENTITLEMENTS = App/Missale.entitlements;
				CODE_SIGN_IDENTITY = "iPhone Developer";
				INFOPLIST_FILE = App/Info.plist;
				LD_RUNPATH_SEARCH_PATHS = (
					"$(inherited)",
					"@executable_path/Frameworks",
				);
				PRODUCT_BUNDLE_IDENTIFIER = com.missale.app;
				SDKROOT = iphoneos;
				TARGETED_DEVICE_FAMILY = "1,2";
			};
			name = Release;
		};
		B28A07F2577FB5D238041EA9 /* Debug */ = {
			isa = XCBuildConfiguration;
			buildSettings = {
				ASSETCATALOG_COMPILER_APPICON_NAME = AppIcon;
				CODE_SIGN_ENTITLEMENTS = App/Missale.entitlements;
				CODE_SIGN_IDENTITY = "iPhone Developer";
				INFOPLIST_FILE = App/Info.plist;
				LD_RUNPATH_SEARCH_PATHS = (
					"$(inherited)",
					"@executable_path/Frameworks",
				);
				PRODUCT_BUNDLE_IDENTIFIER = com.missale.app;
				SDKROOT = iphoneos;
				TARGETED_DEVICE_FAMILY = "1,2";
			};
			name = Debug;
		};
		E18729D0A0738B626DA15982 /* Debug */ = {
			isa = XCBuildConfiguration;
			buildSettings = {
				ALWAYS_SEARCH_USER_PATHS = NO;
				ASSETCATALOG_COMPILER_APPICON_NAME = AppIcon;
				ASSETCATALOG_COMPILER_GLOBAL_ACCENT_COLOR_NAME = AccentColor;
				CLANG_ANALYZER_NONNULL = YES;
				CLANG_ANALYZER_NUMBER_OBJECT_CONVERSION = YES_AGGRESSIVE;
				CLANG_CXX_LANGUAGE_STANDARD = "gnu++14";
				CLANG_CXX_LIBRARY = "libc++";
				CLANG_ENABLE_MODULES = YES;
				CLANG_ENABLE_OBJC_ARC = YES;
				CLANG_ENABLE_OBJC_WEAK = YES;
				CLANG_WARN_BLOCK_CAPTURE_AUTORELEASING = YES;
				CLANG_WARN_BOOL_CONVERSION = YES;
				CLANG_WARN_COMMA = YES;
				CLANG_WARN_CONSTANT_CONVERSION = YES;
				CLANG_WARN_DEPRECATED_OBJC_IMPLEMENTATIONS = YES;
				CLANG_WARN_DIRECT_OBJC_ISA_USAGE = YES_ERROR;
				CLANG_WARN_DOCUMENTATION_COMMENTS = YES;
				CLANG_WARN_EMPTY_BODY = YES;
				CLANG_WARN_ENUM_CONVERSION = YES;
				CLANG_WARN_INFINITE_RECURSION = YES;
				CLANG_WARN_INT_CONVERSION = YES;
				CLANG_WARN_NON_LITERAL_NULL_CONVERSION = YES;
				CLANG_WARN_OBJC_IMPLICIT_RETAIN_SELF = YES;
				CLANG_WARN_OBJC_LITERAL_CONVERSION = YES;
				CLANG_WARN_OBJC_ROOT_CLASS = YES_ERROR;
				CLANG_WARN_QUOTED_INCLUDE_IN_FRAMEWORK_HEADER = YES;
				CLANG_WARN_RANGE_LOOP_ANALYSIS = YES;
				CLANG_WARN_STRICT_PROTOTYPES = YES;
				CLANG_WARN_SUSPICIOUS_MOVE = YES;
				CLANG_WARN_UNGUARDED_AVAILABILITY = YES_AGGRESSIVE;
				CLANG_WARN_UNREACHABLE_CODE = YES;
				CLANG_WARN__DUPLICATE_METHOD_MATCH = YES;
				COPY_PHASE_STRIP = NO;
				DEBUG_INFORMATION_FORMAT = dwarf;
				ENABLE_STRICT_OBJC_MSGSEND = YES;
				ENABLE_TESTABILITY = YES;
				GCC_C_LANGUAGE_STANDARD = gnu11;
				GCC_DYNAMIC_NO_PIC = NO;
				GCC_NO_COMMON_BLOCKS = YES;
				GCC_OPTIMIZATION_LEVEL = 0;
				GCC_PREPROCESSOR_DEFINITIONS = (
					"$(inherited)",
					"DEBUG=1",
				);
				GCC_WARN_64_TO_32_BIT_CONVERSION = YES;
				GCC_WARN_ABOUT_RETURN_TYPE = YES_ERROR;
				GCC_WARN_UNDECLARED_SELECTOR = YES;
				GCC_WARN_UNINITIALIZED_AUTOS = YES_AGGRESSIVE;
				GCC_WARN_UNUSED_FUNCTION = YES;
				GCC_WARN_UNUSED_VARIABLE = YES;
				IPHONEOS_DEPLOYMENT_TARGET = 17.0;
				MTL_ENABLE_DEBUG_INFO = INCLUDE_SOURCE;
				MTL_FAST_MATH = YES;
				ONLY_ACTIVE_ARCH = YES;
				PRODUCT_NAME = "$(TARGET_NAME)";
				SDKROOT = iphoneos;
				SWIFT_ACTIVE_COMPILATION_CONDITIONS = DEBUG;
				SWIFT_OPTIMIZATION_LEVEL = "-Onone";
				SWIFT_VERSION = 5.0;
				TARGETED_DEVICE_FAMILY = "1,2";
			};
			name = Debug;
		};
/* End XCBuildConfiguration section */

/* Begin XCConfigurationList section */
		C3DD0984026CF4C4C9526A69 /* Build configuration list for PBXProject "Missale" */ = {
			isa = XCConfigurationList;
			buildConfigurations = (
				E18729D0A0738B626DA15982 /* Debug */,
				0BD03047CE9849C44B6B3F5B /* Release */,
			);
			defaultConfigurationIsVisible = 0;
			defaultConfigurationName = Debug;
		};
		FCDCD0EC9875623172339A38 /* Build configuration list for PBXNativeTarget "Missale" */ = {
			isa = XCConfigurationList;
			buildConfigurations = (
				B28A07F2577FB5D238041EA9 /* Debug */,
				5BE78FB2CE61D4A0664BF542 /* Release */,
			);
			defaultConfigurationIsVisible = 0;
			defaultConfigurationName = Debug;
		};
/* End XCConfigurationList section */
	};
	rootObject = FD8F43A7168B5EA7E1FCAB96 /* Project object */;
}
